<?xml version="1.0" encoding="utf-8"?>
<Project ToolsVersion="4.0" xmlns="http://schemas.microsoft.com/developer/msbuild/2003">
  <ItemGroup>
    <Filter Include="SDK">
      <UniqueIdentifier>{a4b93fb9-4d4d-423f-ab98-bd2b42086e2e}</UniqueIdentifier>
    </Filter>
    <Filter Include="Core">
      <UniqueIdentifier>{40345493-ce22-4d0a-a49e-ca86bbeb9969}</UniqueIdentifier>
    </Filter>
    <Filter Include="SDK\Interfaces">
      <UniqueIdentifier>{895fe0bd-c5de-4118-ad3c-73b799904c5e}</UniqueIdentifier>
    </Filter>
    <Filter Include="SDK\Math">
      <UniqueIdentifier>{b1361ee5-c0d9-45d8-9c45-f187e1f66288}</UniqueIdentifier>
    </Filter>
    <Filter Include="SDK\Misc">
      <UniqueIdentifier>{4be7bbeb-6cf1-40f7-b90d-bbf7ce1af42e}</UniqueIdentifier>
    </Filter>
    <Filter Include="Cheat">
      <UniqueIdentifier>{424c96ae-dc30-48db-8f42-f17693509283}</UniqueIdentifier>
    </Filter>
    <Filter Include="Cheat\Headers">
      <UniqueIdentifier>{eeacc4e9-9390-4a4b-9ea2-d0a58bdea4e6}</UniqueIdentifier>
    </Filter>
    <Filter Include="Cheat\Sources">
      <UniqueIdentifier>{81ac0be3-951a-4818-b662-ea456ab1cfc7}</UniqueIdentifier>
    </Filter>
    <Filter Include="Core\Hooks">
      <UniqueIdentifier>{1003c8ab-696c-477d-b7f5-58094efc68cd}</UniqueIdentifier>
    </Filter>
    <Filter Include="Core\Helpers">
      <UniqueIdentifier>{38373c78-4995-4ead-844f-5d99784c29f9}</UniqueIdentifier>
    </Filter>
    <Filter Include="Menu">
      <UniqueIdentifier>{40838c20-6147-4dca-8ce6-1433798f0148}</UniqueIdentifier>
    </Filter>
    <Filter Include="Core\Hooks\Virtual Functions">
      <UniqueIdentifier>{5f25605b-c18f-4c27-927b-9ff2590776bc}</UniqueIdentifier>
    </Filter>
    <Filter Include="Cheat\Skinchanger">
      <UniqueIdentifier>{1fbe0528-558c-491a-acb0-f74be4c6d19b}</UniqueIdentifier>
    </Filter>
  </ItemGroup>
  <ItemGroup>
    <ClCompile Include="SDK\csgostructs.cpp">
      <Filter>SDK</Filter>
    </ClCompile>
    <ClCompile Include="SDK\netvars.cpp">
      <Filter>SDK</Filter>
    </ClCompile>
    <ClCompile Include="SDK\Math\Vector2D.cpp">
      <Filter>SDK\Math</Filter>
    </ClCompile>
    <ClCompile Include="SDK\Math\Vector4D.cpp">
      <Filter>SDK\Math</Filter>
    </ClCompile>
    <ClCompile Include="SDK\Math\VMatrix.cpp">
      <Filter>SDK\Math</Filter>
    </ClCompile>
    <ClCompile Include="SDK\Misc\checksum_md5.cpp">
      <Filter>SDK\Misc</Filter>
    </ClCompile>
    <ClCompile Include="SDK\Misc\Color.cpp">
      <Filter>SDK\Misc</Filter>
    </ClCompile>
    <ClCompile Include="SDK\Misc\Convar.cpp">
      <Filter>SDK\Misc</Filter>
    </ClCompile>
    <ClCompile Include="SDK\Misc\UtlBuffer.cpp">
      <Filter>SDK\Misc</Filter>
    </ClCompile>
    <ClCompile Include="SDK\Misc\UtlString.cpp">
      <Filter>SDK\Misc</Filter>
    </ClCompile>
    <ClCompile Include="SDK\Misc\characterset.cpp">
      <Filter>SDK\Misc</Filter>
    </ClCompile>
    <ClCompile Include="SDK\Misc\checksum_crc.cpp">
      <Filter>SDK\Misc</Filter>
    </ClCompile>
    <ClCompile Include="Cheat\Visuals.cpp">
      <Filter>Cheat\Sources</Filter>
    </ClCompile>
    <ClCompile Include="Cheat\TimeWarp.cpp">
      <Filter>Cheat\Sources</Filter>
    </ClCompile>
    <ClCompile Include="Core\Font.cpp">
      <Filter>Core\Helpers</Filter>
    </ClCompile>
    <ClCompile Include="Core\InputSys.cpp">
      <Filter>Core\Helpers</Filter>
    </ClCompile>
    <ClCompile Include="Core\Utilities.cpp">
      <Filter>Core\Helpers</Filter>
    </ClCompile>
    <ClCompile Include="Core\vfunc_hook.cpp">
      <Filter>Core\Helpers</Filter>
    </ClCompile>
    <ClCompile Include="Core\SDK.cpp">
      <Filter>Core</Filter>
    </ClCompile>
    <ClCompile Include="Menu\GUI.cpp">
      <Filter>Menu</Filter>
    </ClCompile>
    <ClCompile Include="Menu\Menu.cpp">
      <Filter>Menu</Filter>
    </ClCompile>
    <ClCompile Include="Core\options.cpp">
      <Filter>Core</Filter>
    </ClCompile>
    <ClCompile Include="Core\CreateMove.cpp">
      <Filter>Core\Hooks\Virtual Functions</Filter>
    </ClCompile>
    <ClCompile Include="Core\DrawModelExecute.cpp">
      <Filter>Core\Hooks\Virtual Functions</Filter>
    </ClCompile>
    <ClCompile Include="Core\Hooks.cpp">
      <Filter>Core\Hooks\Virtual Functions</Filter>
    </ClCompile>
    <ClCompile Include="Core\PaintTraverse.cpp">
      <Filter>Core\Hooks\Virtual Functions</Filter>
    </ClCompile>
    <ClCompile Include="Cheat\ItemDefinitions.cpp">
      <Filter>Cheat\Skinchanger</Filter>
    </ClCompile>
    <ClCompile Include="Cheat\Skinchanger.cpp">
      <Filter>Cheat\Skinchanger</Filter>
    </ClCompile>
    <ClCompile Include="Cheat\SequenceProxy.cpp">
      <Filter>Cheat\Skinchanger</Filter>
    </ClCompile>
    <ClCompile Include="Cheat\FireEventClientSide.cpp">
      <Filter>Cheat\Skinchanger</Filter>
    </ClCompile>
    <ClCompile Include="Cheat\StickerChanger.cpp">
      <Filter>Cheat\Skinchanger</Filter>
    </ClCompile>
    <ClCompile Include="Cheat\KitParser.cpp">
      <Filter>Cheat\Skinchanger</Filter>
    </ClCompile>
    <ClCompile Include="Core\dllmain.cpp">
      <Filter>Core</Filter>
    </ClCompile>
    <ClCompile Include="SDK\Interfaces\IMaterialSystem.cpp" />
    <ClCompile Include="grenadeprediction.cpp">
      <Filter>Core</Filter>
    </ClCompile>
    <ClCompile Include="ImGui\imgui.cpp" />
    <ClCompile Include="ImGui\imgui_demo.cpp" />
    <ClCompile Include="ImGui\imgui_draw.cpp" />
    <ClCompile Include="ImGui\imgui_impl_dx9.cpp" />
    <ClCompile Include="colorpicker.cpp" />
    <ClCompile Include="Cheat\aim.cpp" />
    <ClCompile Include="Core\math.cpp" />
    <ClCompile Include="Core\globals.cpp" />
  </ItemGroup>
  <ItemGroup>
    <ClInclude Include="SDK\Interfaces\IAppSystem.h">
      <Filter>SDK\Interfaces</Filter>
    </ClInclude>
    <ClInclude Include="SDK\Interfaces\IBaseClientDll.h">
      <Filter>SDK\Interfaces</Filter>
    </ClInclude>
    <ClInclude Include="SDK\Interfaces\IClientEntity.h">
      <Filter>SDK\Interfaces</Filter>
    </ClInclude>
    <ClInclude Include="SDK\Interfaces\IClientEntityList.h">
      <Filter>SDK\Interfaces</Filter>
    </ClInclude>
    <ClInclude Include="SDK\Interfaces\IClientMode.h">
      <Filter>SDK\Interfaces</Filter>
    </ClInclude>
    <ClInclude Include="SDK\Interfaces\IClientNetworkable.h">
      <Filter>SDK\Interfaces</Filter>
    </ClInclude>
    <ClInclude Include="SDK\Interfaces\IClientRenderable.h">
      <Filter>SDK\Interfaces</Filter>
    </ClInclude>
    <ClInclude Include="SDK\Interfaces\IClientThinkable.h">
      <Filter>SDK\Interfaces</Filter>
    </ClInclude>
    <ClInclude Include="SDK\Interfaces\IClientUnknown.h">
      <Filter>SDK\Interfaces</Filter>
    </ClInclude>
    <ClInclude Include="SDK\Interfaces\ICollideable.h">
      <Filter>SDK\Interfaces</Filter>
    </ClInclude>
    <ClInclude Include="SDK\Interfaces\IConVar.h">
      <Filter>SDK\Interfaces</Filter>
    </ClInclude>
    <ClInclude Include="SDK\Interfaces\ICvar.h">
      <Filter>SDK\Interfaces</Filter>
    </ClInclude>
    <ClInclude Include="SDK\Interfaces\IEngineSound.h">
      <Filter>SDK\Interfaces</Filter>
    </ClInclude>
    <ClInclude Include="SDK\Interfaces\IEngineTrace.h">
      <Filter>SDK\Interfaces</Filter>
    </ClInclude>
    <ClInclude Include="SDK\Interfaces\IGameEventmanager.h">
      <Filter>SDK\Interfaces</Filter>
    </ClInclude>
    <ClInclude Include="SDK\Interfaces\IMaterialSystem.h">
      <Filter>SDK\Interfaces</Filter>
    </ClInclude>
    <ClInclude Include="SDK\Interfaces\IMDLCache.h">
      <Filter>SDK\Interfaces</Filter>
    </ClInclude>
    <ClInclude Include="SDK\Interfaces\IMoveHelper.h">
      <Filter>SDK\Interfaces</Filter>
    </ClInclude>
    <ClInclude Include="SDK\Interfaces\IPanel.h">
      <Filter>SDK\Interfaces</Filter>
    </ClInclude>
    <ClInclude Include="SDK\Interfaces\IPhysics.h">
      <Filter>SDK\Interfaces</Filter>
    </ClInclude>
    <ClInclude Include="SDK\Interfaces\IPrediction.h">
      <Filter>SDK\Interfaces</Filter>
    </ClInclude>
    <ClInclude Include="SDK\Interfaces\IRenderView.h">
      <Filter>SDK\Interfaces</Filter>
    </ClInclude>
    <ClInclude Include="SDK\Interfaces\ISurface.h">
      <Filter>SDK\Interfaces</Filter>
    </ClInclude>
    <ClInclude Include="SDK\Interfaces\IVDebugOverlay.h">
      <Filter>SDK\Interfaces</Filter>
    </ClInclude>
    <ClInclude Include="SDK\Interfaces\IVEngineClient.h">
      <Filter>SDK\Interfaces</Filter>
    </ClInclude>
    <ClInclude Include="SDK\Interfaces\IViewRender.h">
      <Filter>SDK\Interfaces</Filter>
    </ClInclude>
    <ClInclude Include="SDK\Interfaces\IVModelInfoClient.h">
      <Filter>SDK\Interfaces</Filter>
    </ClInclude>
    <ClInclude Include="SDK\Interfaces\IVModelRender.h">
      <Filter>SDK\Interfaces</Filter>
    </ClInclude>
    <ClInclude Include="SDK\Interfaces\CClientState.h">
      <Filter>SDK\Interfaces</Filter>
    </ClInclude>
    <ClInclude Include="SDK\Interfaces\CInput.h">
      <Filter>SDK\Interfaces</Filter>
    </ClInclude>
    <ClInclude Include="SDK\Math\Vector2D.h">
      <Filter>SDK\Math</Filter>
    </ClInclude>
    <ClInclude Include="SDK\Math\Vector4D.h">
      <Filter>SDK\Math</Filter>
    </ClInclude>
    <ClInclude Include="SDK\Math\VMatrix.h">
      <Filter>SDK\Math</Filter>
    </ClInclude>
    <ClInclude Include="SDK\Math\QAngle.h">
      <Filter>SDK\Math</Filter>
    </ClInclude>
    <ClInclude Include="SDK\Math\Vector.h">
      <Filter>SDK\Math</Filter>
    </ClInclude>
    <ClInclude Include="SDK\Misc\checksum_crc.h">
      <Filter>SDK\Misc</Filter>
    </ClInclude>
    <ClInclude Include="SDK\Misc\checksum_md5.h">
      <Filter>SDK\Misc</Filter>
    </ClInclude>
    <ClInclude Include="SDK\Misc\ClientClass.h">
      <Filter>SDK\Misc</Filter>
    </ClInclude>
    <ClInclude Include="SDK\Misc\Color.h">
      <Filter>SDK\Misc</Filter>
    </ClInclude>
    <ClInclude Include="SDK\Misc\Convar.h">
      <Filter>SDK\Misc</Filter>
    </ClInclude>
    <ClInclude Include="SDK\Misc\CUserCmd.h">
      <Filter>SDK\Misc</Filter>
    </ClInclude>
    <ClInclude Include="SDK\Misc\EHandle.h">
      <Filter>SDK\Misc</Filter>
    </ClInclude>
    <ClInclude Include="SDK\Misc\Enums.h">
      <Filter>SDK\Misc</Filter>
    </ClInclude>
    <ClInclude Include="SDK\Misc\GlobalVars.h">
      <Filter>SDK\Misc</Filter>
    </ClInclude>
    <ClInclude Include="SDK\Misc\glow_outline_effect.h">
      <Filter>SDK\Misc</Filter>
    </ClInclude>
    <ClInclude Include="SDK\Misc\IHandleEntity.h">
      <Filter>SDK\Misc</Filter>
    </ClInclude>
    <ClInclude Include="SDK\Misc\platform.h">
      <Filter>SDK\Misc</Filter>
    </ClInclude>
    <ClInclude Include="SDK\Misc\Recv.h">
      <Filter>SDK\Misc</Filter>
    </ClInclude>
    <ClInclude Include="SDK\Misc\Studio.h">
      <Filter>SDK\Misc</Filter>
    </ClInclude>
    <ClInclude Include="SDK\Misc\UtlBuffer.h">
      <Filter>SDK\Misc</Filter>
    </ClInclude>
    <ClInclude Include="SDK\Misc\UtlMemory.h">
      <Filter>SDK\Misc</Filter>
    </ClInclude>
    <ClInclude Include="SDK\Misc\UtlString.h">
      <Filter>SDK\Misc</Filter>
    </ClInclude>
    <ClInclude Include="SDK\Misc\UtlVector.h">
      <Filter>SDK\Misc</Filter>
    </ClInclude>
    <ClInclude Include="SDK\Misc\vfunc.h">
      <Filter>SDK\Misc</Filter>
    </ClInclude>
    <ClInclude Include="SDK\Misc\BaseHandle.h">
      <Filter>SDK\Misc</Filter>
    </ClInclude>
    <ClInclude Include="SDK\Misc\characterset.h">
      <Filter>SDK\Misc</Filter>
    </ClInclude>
    <ClInclude Include="SDK\csgostructs.h">
      <Filter>SDK</Filter>
    </ClInclude>
    <ClInclude Include="SDK\netvars.h">
      <Filter>SDK</Filter>
    </ClInclude>
    <ClInclude Include="Cheat\Cheats.h">
      <Filter>Cheat</Filter>
    </ClInclude>
    <ClInclude Include="SDK\Misc\KeyValues.h">
      <Filter>SDK\Misc</Filter>
    </ClInclude>
    <ClInclude Include="Cheat\Visuals.h">
      <Filter>Cheat\Headers</Filter>
    </ClInclude>
    <ClInclude Include="Cheat\TimeWarp.h">
      <Filter>Cheat\Headers</Filter>
    </ClInclude>
    <ClInclude Include="Core\Draw.h">
      <Filter>Core\Helpers</Filter>
    </ClInclude>
    <ClInclude Include="Core\Font.h">
      <Filter>Core\Helpers</Filter>
    </ClInclude>
    <ClInclude Include="Core\InputSys.h">
      <Filter>Core\Helpers</Filter>
    </ClInclude>
    <ClInclude Include="Core\math.h">
      <Filter>Core\Helpers</Filter>
    </ClInclude>
    <ClInclude Include="Core\singleton.h">
      <Filter>Core\Helpers</Filter>
    </ClInclude>
    <ClInclude Include="Core\stdafx.h">
      <Filter>Core\Helpers</Filter>
    </ClInclude>
    <ClInclude Include="Core\Utilities.h">
      <Filter>Core\Helpers</Filter>
    </ClInclude>
    <ClInclude Include="Core\vfunc_hook.h">
      <Filter>Core\Helpers</Filter>
    </ClInclude>
    <ClInclude Include="Core\SDK.h">
      <Filter>Core</Filter>
    </ClInclude>
    <ClInclude Include="Menu\GUI.h">
      <Filter>Menu</Filter>
    </ClInclude>
    <ClInclude Include="Menu\Menu.h">
      <Filter>Menu</Filter>
    </ClInclude>
    <ClInclude Include="Core\options.h">
      <Filter>Core</Filter>
    </ClInclude>
    <ClInclude Include="Core\Hooks.h">
      <Filter>Core\Hooks\Virtual Functions</Filter>
    </ClInclude>
    <ClInclude Include="Core\RecvProxyHook.h">
      <Filter>Core\Helpers</Filter>
    </ClInclude>
    <ClInclude Include="Cheat\ItemDefinitions.h">
      <Filter>Cheat\Skinchanger</Filter>
    </ClInclude>
    <ClInclude Include="Cheat\Skinchanger.h">
      <Filter>Cheat\Skinchanger</Filter>
    </ClInclude>
    <ClInclude Include="Cheat\SequenceProxy.h">
      <Filter>Cheat\Skinchanger</Filter>
    </ClInclude>
    <ClInclude Include="SDK\Interfaces\ILocalize.h">
      <Filter>SDK\Interfaces</Filter>
    </ClInclude>
    <ClInclude Include="Cheat\KitParser.h">
      <Filter>Cheat\Skinchanger</Filter>
    </ClInclude>
    <ClInclude Include="skins.h">
      <Filter>Core</Filter>
    </ClInclude>
    <ClInclude Include="grenadeprediction.h">
      <Filter>Core</Filter>
    </ClInclude>
    <ClInclude Include="ImGui\imconfig.h" />
    <ClInclude Include="ImGui\imgui.h" />
    <ClInclude Include="ImGui\imgui_impl_dx9.h" />
    <ClInclude Include="ImGui\imgui_internal.h" />
    <ClInclude Include="ImGui\stb_rect_pack.h" />
    <ClInclude Include="ImGui\stb_textedit.h" />
    <ClInclude Include="ImGui\stb_truetype.h" />
    <ClInclude Include="OSteamWorks\AppsCommon.h" />
    <ClInclude Include="OSteamWorks\AppTicketCommon.h" />
    <ClInclude Include="OSteamWorks\BillingCommon.h" />
    <ClInclude Include="OSteamWorks\BridgeCommon.h" />
    <ClInclude Include="OSteamWorks\CCallback.h" />
    <ClInclude Include="OSteamWorks\CGameID.h" />
    <ClInclude Include="OSteamWorks\ClientCommon.h" />
    <ClInclude Include="OSteamWorks\ContentServerCommon.h" />
    <ClInclude Include="OSteamWorks\ControllerCommon.h" />
    <ClInclude Include="OSteamWorks\CSteamAPIContext.h" />
    <ClInclude Include="OSteamWorks\CSteamID.h" />
    <ClInclude Include="OSteamWorks\ECurrencyCode.h" />
    <ClInclude Include="OSteamWorks\EResult.h" />
    <ClInclude Include="OSteamWorks\ESteamAppUpdateStatsQueryType.h" />
    <ClInclude Include="OSteamWorks\ESteamBufferMethod.h" />
    <ClInclude Include="OSteamWorks\ESteamError.h" />
    <ClInclude Include="OSteamWorks\ESteamFindFilter.h" />
    <ClInclude Include="OSteamWorks\ESteamNotify.h" />
    <ClInclude Include="OSteamWorks\ESteamPaymentCardType.h" />
    <ClInclude Include="OSteamWorks\ESteamSeekMethod.h" />
    <ClInclude Include="OSteamWorks\ESteamServerType.h" />
    <ClInclude Include="OSteamWorks\ESteamSubscriptionBillingInfoType.h" />
    <ClInclude Include="OSteamWorks\ESteamSubscriptionStatus.h" />
    <ClInclude Include="OSteamWorks\EVoiceResult.h" />
    <ClInclude Include="OSteamWorks\FriendGameInfo.h" />
    <ClInclude Include="OSteamWorks\FriendsCommon.h" />
    <ClInclude Include="OSteamWorks\GameCoordinatorCommon.h" />
    <ClInclude Include="OSteamWorks\GameServerCommon.h" />
    <ClInclude Include="OSteamWorks\gameserveritem.h" />
    <ClInclude Include="OSteamWorks\GameServerStatsCommon.h" />
    <ClInclude Include="OSteamWorks\GameStatsCommon.h" />
    <ClInclude Include="OSteamWorks\HTTPCommon.h" />
    <ClInclude Include="OSteamWorks\IClientAppManager.h" />
    <ClInclude Include="OSteamWorks\IClientApps.h" />
    <ClInclude Include="OSteamWorks\IClientAudio.h" />
    <ClInclude Include="OSteamWorks\IClientBilling.h" />
    <ClInclude Include="OSteamWorks\IClientConfigStore.h" />
    <ClInclude Include="OSteamWorks\IClientContentServer.h" />
    <ClInclude Include="OSteamWorks\IClientDepotBuilder.h" />
    <ClInclude Include="OSteamWorks\IClientDeviceAuth.h" />
    <ClInclude Include="OSteamWorks\IClientEngine.h" />
    <ClInclude Include="OSteamWorks\IClientFriends.h" />
    <ClInclude Include="OSteamWorks\IClientGameCoordinator.h" />
    <ClInclude Include="OSteamWorks\IClientGameServer.h" />
    <ClInclude Include="OSteamWorks\IClientGameServerStats.h" />
    <ClInclude Include="OSteamWorks\IClientGameStats.h" />
    <ClInclude Include="OSteamWorks\IClientHTTP.h" />
    <ClInclude Include="OSteamWorks\IClientInventory.h" />
    <ClInclude Include="OSteamWorks\IClientMasterServerUpdater.h" />
    <ClInclude Include="OSteamWorks\IClientMatchmaking.h" />
    <ClInclude Include="OSteamWorks\IClientMatchmakingServers.h" />
    <ClInclude Include="OSteamWorks\IClientMusic.h" />
    <ClInclude Include="OSteamWorks\IClientNetworkDeviceManager.h" />
    <ClInclude Include="OSteamWorks\IClientNetworking.h" />
    <ClInclude Include="OSteamWorks\IClientProductBuilder.h" />
    <ClInclude Include="OSteamWorks\IClientRemoteStorage.h" />
    <ClInclude Include="OSteamWorks\IClientScreenshots.h" />
    <ClInclude Include="OSteamWorks\IClientShortcuts.h" />
    <ClInclude Include="OSteamWorks\IClientStreamClient.h" />
    <ClInclude Include="OSteamWorks\IClientStreamLauncher.h" />
    <ClInclude Include="OSteamWorks\IClientUGC.h" />
    <ClInclude Include="OSteamWorks\IClientUnifiedMessages.h" />
    <ClInclude Include="OSteamWorks\IClientUser.h" />
    <ClInclude Include="OSteamWorks\IClientUserStats.h" />
    <ClInclude Include="OSteamWorks\IClientUtils.h" />
    <ClInclude Include="OSteamWorks\Interface_OSW.h" />
    <ClInclude Include="OSteamWorks\InventoryCommon.h" />
    <ClInclude Include="OSteamWorks\ISteam2Bridge001.h" />
    <ClInclude Include="OSteamWorks\ISteam2Bridge002.h" />
    <ClInclude Include="OSteamWorks\ISteam003.h" />
    <ClInclude Include="OSteamWorks\ISteam004.h" />
    <ClInclude Include="OSteamWorks\ISteam005.h" />
    <ClInclude Include="OSteamWorks\ISteam006.h" />
    <ClInclude Include="OSteamWorks\ISteamAppList001.h" />
    <ClInclude Include="OSteamWorks\ISteamApps001.h" />
    <ClInclude Include="OSteamWorks\ISteamApps002.h" />
    <ClInclude Include="OSteamWorks\ISteamApps003.h" />
    <ClInclude Include="OSteamWorks\ISteamApps004.h" />
    <ClInclude Include="OSteamWorks\ISteamApps005.h" />
    <ClInclude Include="OSteamWorks\ISteamApps006.h" />
    <ClInclude Include="OSteamWorks\ISteamApps007.h" />
    <ClInclude Include="OSteamWorks\ISteamAppTicket001.h" />
    <ClInclude Include="OSteamWorks\ISteamBilling001.h" />
    <ClInclude Include="OSteamWorks\ISteamBilling002.h" />
    <ClInclude Include="OSteamWorks\ISteamClient006.h" />
    <ClInclude Include="OSteamWorks\ISteamClient007.h" />
    <ClInclude Include="OSteamWorks\ISteamClient008.h" />
    <ClInclude Include="OSteamWorks\ISteamClient009.h" />
    <ClInclude Include="OSteamWorks\ISteamClient010.h" />
    <ClInclude Include="OSteamWorks\ISteamClient011.h" />
    <ClInclude Include="OSteamWorks\ISteamClient012.h" />
    <ClInclude Include="OSteamWorks\ISteamClient013.h" />
    <ClInclude Include="OSteamWorks\ISteamClient014.h" />
    <ClInclude Include="OSteamWorks\ISteamClient015.h" />
    <ClInclude Include="OSteamWorks\ISteamClient016.h" />
    <ClInclude Include="OSteamWorks\ISteamClient017.h" />
    <ClInclude Include="OSteamWorks\ISteamContentServer001.h" />
    <ClInclude Include="OSteamWorks\ISteamContentServer002.h" />
    <ClInclude Include="OSteamWorks\ISteamController001.h" />
    <ClInclude Include="OSteamWorks\ISteamFriends001.h" />
    <ClInclude Include="OSteamWorks\ISteamFriends002.h" />
    <ClInclude Include="OSteamWorks\ISteamFriends003.h" />
    <ClInclude Include="OSteamWorks\ISteamFriends004.h" />
    <ClInclude Include="OSteamWorks\ISteamFriends005.h" />
    <ClInclude Include="OSteamWorks\ISteamFriends006.h" />
    <ClInclude Include="OSteamWorks\ISteamFriends007.h" />
    <ClInclude Include="OSteamWorks\ISteamFriends008.h" />
    <ClInclude Include="OSteamWorks\ISteamFriends009.h" />
    <ClInclude Include="OSteamWorks\ISteamFriends010.h" />
    <ClInclude Include="OSteamWorks\ISteamFriends011.h" />
    <ClInclude Include="OSteamWorks\ISteamFriends012.h" />
    <ClInclude Include="OSteamWorks\ISteamFriends013.h" />
    <ClInclude Include="OSteamWorks\ISteamFriends014.h" />
    <ClInclude Include="OSteamWorks\ISteamFriends015.h" />
    <ClInclude Include="OSteamWorks\ISteamGameCoordinator001.h" />
    <ClInclude Include="OSteamWorks\ISteamGameServer002.h" />
    <ClInclude Include="OSteamWorks\ISteamGameServer003.h" />
    <ClInclude Include="OSteamWorks\ISteamGameServer004.h" />
    <ClInclude Include="OSteamWorks\ISteamGameServer005.h" />
    <ClInclude Include="OSteamWorks\ISteamGameServer006.h" />
    <ClInclude Include="OSteamWorks\ISteamGameServer007.h" />
    <ClInclude Include="OSteamWorks\ISteamGameServer008.h" />
    <ClInclude Include="OSteamWorks\ISteamGameServer009.h" />
    <ClInclude Include="OSteamWorks\ISteamGameServer010.h" />
    <ClInclude Include="OSteamWorks\ISteamGameServer011.h" />
    <ClInclude Include="OSteamWorks\ISteamGameServer012.h" />
    <ClInclude Include="OSteamWorks\ISteamGameServerStats001.h" />
    <ClInclude Include="OSteamWorks\ISteamGameStats001.h" />
    <ClInclude Include="OSteamWorks\ISteamHTTP001.h" />
    <ClInclude Include="OSteamWorks\ISteamHTTP002.h" />
    <ClInclude Include="OSteamWorks\ISteamInventory001.h" />
    <ClInclude Include="OSteamWorks\ISteamMasterServerUpdater001.h" />
    <ClInclude Include="OSteamWorks\ISteamMatchmaking001.h" />
    <ClInclude Include="OSteamWorks\ISteamMatchmaking002.h" />
    <ClInclude Include="OSteamWorks\ISteamMatchmaking003.h" />
    <ClInclude Include="OSteamWorks\ISteamMatchmaking004.h" />
    <ClInclude Include="OSteamWorks\ISteamMatchmaking005.h" />
    <ClInclude Include="OSteamWorks\ISteamMatchmaking006.h" />
    <ClInclude Include="OSteamWorks\ISteamMatchmaking007.h" />
    <ClInclude Include="OSteamWorks\ISteamMatchmaking008.h" />
    <ClInclude Include="OSteamWorks\ISteamMatchmaking009.h" />
    <ClInclude Include="OSteamWorks\ISteamMatchmakingServers001.h" />
    <ClInclude Include="OSteamWorks\ISteamMatchmakingServers002.h" />
    <ClInclude Include="OSteamWorks\ISteamMusic001.h" />
    <ClInclude Include="OSteamWorks\ISteamNetworking001.h" />
    <ClInclude Include="OSteamWorks\ISteamNetworking002.h" />
    <ClInclude Include="OSteamWorks\ISteamNetworking003.h" />
    <ClInclude Include="OSteamWorks\ISteamNetworking004.h" />
    <ClInclude Include="OSteamWorks\ISteamNetworking005.h" />
    <ClInclude Include="OSteamWorks\ISteamOAuth001.h" />
    <ClInclude Include="OSteamWorks\ISteamRemoteStorage001.h" />
    <ClInclude Include="OSteamWorks\ISteamRemoteStorage002.h" />
    <ClInclude Include="OSteamWorks\ISteamRemoteStorage003.h" />
    <ClInclude Include="OSteamWorks\ISteamRemoteStorage004.h" />
    <ClInclude Include="OSteamWorks\ISteamRemoteStorage005.h" />
    <ClInclude Include="OSteamWorks\ISteamRemoteStorage006.h" />
    <ClInclude Include="OSteamWorks\ISteamRemoteStorage007.h" />
    <ClInclude Include="OSteamWorks\ISteamRemoteStorage008.h" />
    <ClInclude Include="OSteamWorks\ISteamRemoteStorage009.h" />
    <ClInclude Include="OSteamWorks\ISteamRemoteStorage010.h" />
    <ClInclude Include="OSteamWorks\ISteamRemoteStorage011.h" />
    <ClInclude Include="OSteamWorks\ISteamRemoteStorage012.h" />
    <ClInclude Include="OSteamWorks\ISteamScreenshots001.h" />
    <ClInclude Include="OSteamWorks\ISteamScreenshots002.h" />
    <ClInclude Include="OSteamWorks\ISteamStreamLauncher001.h" />
    <ClInclude Include="OSteamWorks\ISteamUGC001.h" />
    <ClInclude Include="OSteamWorks\ISteamUGC002.h" />
    <ClInclude Include="OSteamWorks\ISteamUGC003.h" />
    <ClInclude Include="OSteamWorks\ISteamUnifiedMessages001.h" />
    <ClInclude Include="OSteamWorks\ISteamUser004.h" />
    <ClInclude Include="OSteamWorks\ISteamUser005.h" />
    <ClInclude Include="OSteamWorks\ISteamUser006.h" />
    <ClInclude Include="OSteamWorks\ISteamUser007.h" />
    <ClInclude Include="OSteamWorks\ISteamUser008.h" />
    <ClInclude Include="OSteamWorks\ISteamUser009.h" />
    <ClInclude Include="OSteamWorks\ISteamUser010.h" />
    <ClInclude Include="OSteamWorks\ISteamUser011.h" />
    <ClInclude Include="OSteamWorks\ISteamUser012.h" />
    <ClInclude Include="OSteamWorks\ISteamUser013.h" />
    <ClInclude Include="OSteamWorks\ISteamUser014.h" />
    <ClInclude Include="OSteamWorks\ISteamUser015.h" />
    <ClInclude Include="OSteamWorks\ISteamUser016.h" />
    <ClInclude Include="OSteamWorks\ISteamUser017.h" />
    <ClInclude Include="OSteamWorks\ISteamUserStats001.h" />
    <ClInclude Include="OSteamWorks\ISteamUserStats002.h" />
    <ClInclude Include="OSteamWorks\ISteamUserStats003.h" />
    <ClInclude Include="OSteamWorks\ISteamUserStats004.h" />
    <ClInclude Include="OSteamWorks\ISteamUserStats005.h" />
    <ClInclude Include="OSteamWorks\ISteamUserStats006.h" />
    <ClInclude Include="OSteamWorks\ISteamUserStats007.h" />
    <ClInclude Include="OSteamWorks\ISteamUserStats008.h" />
    <ClInclude Include="OSteamWorks\ISteamUserStats009.h" />
    <ClInclude Include="OSteamWorks\ISteamUserStats010.h" />
    <ClInclude Include="OSteamWorks\ISteamUserStats011.h" />
    <ClInclude Include="OSteamWorks\ISteamUtils001.h" />
    <ClInclude Include="OSteamWorks\ISteamUtils002.h" />
    <ClInclude Include="OSteamWorks\ISteamUtils003.h" />
    <ClInclude Include="OSteamWorks\ISteamUtils004.h" />
    <ClInclude Include="OSteamWorks\ISteamUtils005.h" />
    <ClInclude Include="OSteamWorks\ISteamUtils006.h" />
    <ClInclude Include="OSteamWorks\ISteamUtils007.h" />
    <ClInclude Include="OSteamWorks\MasterServerUpdaterCommon.h" />
    <ClInclude Include="OSteamWorks\MatchmakingCommon.h" />
    <ClInclude Include="OSteamWorks\MatchMakingKeyValuePair.h" />
    <ClInclude Include="OSteamWorks\MatchmakingServersCommon.h" />
    <ClInclude Include="OSteamWorks\MusicCommon.h" />
    <ClInclude Include="OSteamWorks\NetworkingCommon.h" />
    <ClInclude Include="OSteamWorks\OAuthCommon.h" />
    <ClInclude Include="OSteamWorks\POSIXLibrary.h" />
    <ClInclude Include="OSteamWorks\RemoteStorageCommon.h" />
    <ClInclude Include="OSteamWorks\ScreenshotsCommon.h" />
    <ClInclude Include="OSteamWorks\servernetadr.h" />
    <ClInclude Include="OSteamWorks\Steam.h" />
    <ClInclude Include="OSteamWorks\SteamAPI.h" />
    <ClInclude Include="OSteamWorks\Steamclient.h" />
    <ClInclude Include="OSteamWorks\SteamclientAPI.h" />
    <ClInclude Include="OSteamWorks\SteamSalt.h" />
    <ClInclude Include="OSteamWorks\SteamTypes.h" />
    <ClInclude Include="OSteamWorks\Steamworks.h" />
    <ClInclude Include="OSteamWorks\StreamLauncherCommon.h" />
    <ClInclude Include="OSteamWorks\TSteamApp.h" />
    <ClInclude Include="OSteamWorks\TSteamAppDependencyInfo.h" />
    <ClInclude Include="OSteamWorks\TSteamAppLaunchOption.h" />
    <ClInclude Include="OSteamWorks\TSteamAppStats.h" />
    <ClInclude Include="OSteamWorks\TSteamAppVersion.h" />
    <ClInclude Include="OSteamWorks\TSteamDiscountQualifier.h" />
    <ClInclude Include="OSteamWorks\TSteamElemInfo.h" />
    <ClInclude Include="OSteamWorks\TSteamError.h" />
    <ClInclude Include="OSteamWorks\TSteamExternalBillingInfo.h" />
    <ClInclude Include="OSteamWorks\TSteamGlobalUserID.h" />
    <ClInclude Include="OSteamWorks\TSteamOfflineStatus.h" />
    <ClInclude Include="OSteamWorks\TSteamPaymentCardInfo.h" />
    <ClInclude Include="OSteamWorks\TSteamPaymentCardReceiptInfo.h" />
    <ClInclude Include="OSteamWorks\TSteamPrepurchaseInfo.h" />
    <ClInclude Include="OSteamWorks\TSteamPrepurchaseReceiptInfo.h" />
    <ClInclude Include="OSteamWorks\TSteamProgress.h" />
    <ClInclude Include="OSteamWorks\TSteamSplitLocalUserID.h" />
    <ClInclude Include="OSteamWorks\TSteamSubscription.h" />
    <ClInclude Include="OSteamWorks\TSteamSubscriptionBillingInfo.h" />
    <ClInclude Include="OSteamWorks\TSteamSubscriptionDiscount.h" />
    <ClInclude Include="OSteamWorks\TSteamSubscriptionReceipt.h" />
    <ClInclude Include="OSteamWorks\TSteamSubscriptionStats.h" />
    <ClInclude Include="OSteamWorks\TSteamUpdateStats.h" />
    <ClInclude Include="OSteamWorks\UGCCommon.h" />
    <ClInclude Include="OSteamWorks\UnifiedMessagesCommon.h" />
    <ClInclude Include="OSteamWorks\UserCommon.h" />
    <ClInclude Include="OSteamWorks\UserStatsCommon.h" />
    <ClInclude Include="OSteamWorks\UtilsCommon.h" />
    <ClInclude Include="OSteamWorks\Win32Library.h" />
    <ClInclude Include="Cheat\senddatagraph.h" />
    <ClInclude Include="Themes.h" />
    <ClInclude Include="Cheat\aim.h" />
    <ClInclude Include="Cheat\singleton.hpp" />
    <ClInclude Include="Core\globals.h" />
  </ItemGroup>
</Project>